// !$*UTF8*$!
{
	archiveVersion = 1;
	classes = {
	};
	objectVersion = 46;
	objects = {

/* Begin PBXBuildFile section */
		E5C03A3B1AFC6FFE00A08425 /* AppDelegate.swift in Sources */ = {isa = PBXBuildFile; fileRef = E5C03A3A1AFC6FFE00A08425 /* AppDelegate.swift */; };
		E5C03A3D1AFC6FFE00A08425 /* Document.swift in Sources */ = {isa = PBXBuildFile; fileRef = E5C03A3C1AFC6FFE00A08425 /* Document.swift */; };
		E5C03A401AFC6FFE00A08425 /* Document.xib in Resources */ = {isa = PBXBuildFile; fileRef = E5C03A3E1AFC6FFE00A08425 /* Document.xib */; };
		E5C03A421AFC6FFE00A08425 /* Images.xcassets in Resources */ = {isa = PBXBuildFile; fileRef = E5C03A411AFC6FFE00A08425 /* Images.xcassets */; };
		E5C03A451AFC6FFE00A08425 /* MainMenu.xib in Resources */ = {isa = PBXBuildFile; fileRef = E5C03A431AFC6FFE00A08425 /* MainMenu.xib */; };
		E5C03A511AFC6FFE00A08425 /* GridmarksTests.swift in Sources */ = {isa = PBXBuildFile; fileRef = E5C03A501AFC6FFE00A08425 /* GridmarksTests.swift */; };
/* End PBXBuildFile section */

/* Begin PBXContainerItemProxy section */
		E5C03A4B1AFC6FFE00A08425 /* PBXContainerItemProxy */ = {
			isa = PBXContainerItemProxy;
			containerPortal = E5C03A2D1AFC6FFE00A08425 /* Project object */;
			proxyType = 1;
			remoteGlobalIDString = E5C03A341AFC6FFE00A08425;
			remoteInfo = Gridmarks;
		};
/* End PBXContainerItemProxy section */

/* Begin PBXFileReference section */
		E5C03A351AFC6FFE00A08425 /* Gridmarks.app */ = {isa = PBXFileReference; explicitFileType = wrapper.application; includeInIndex = 0; path = Gridmarks.app; sourceTree = BUILT_PRODUCTS_DIR; };
		E5C03A391AFC6FFE00A08425 /* Info.plist */ = {isa = PBXFileReference; lastKnownFileType = text.plist.xml; path = Info.plist; sourceTree = "<group>"; };
		E5C03A3A1AFC6FFE00A08425 /* AppDelegate.swift */ = {isa = PBXFileReference; lastKnownFileType = sourcecode.swift; path = AppDelegate.swift; sourceTree = "<group>"; };
		E5C03A3C1AFC6FFE00A08425 /* Document.swift */ = {isa = PBXFileReference; lastKnownFileType = sourcecode.swift; path = Document.swift; sourceTree = "<group>"; };
		E5C03A3F1AFC6FFE00A08425 /* Base */ = {isa = PBXFileReference; lastKnownFileType = file.xib; name = Base; path = Base.lproj/Document.xib; sourceTree = "<group>"; };
		E5C03A411AFC6FFE00A08425 /* Images.xcassets */ = {isa = PBXFileReference; lastKnownFileType = folder.assetcatalog; path = Images.xcassets; sourceTree = "<group>"; };
		E5C03A441AFC6FFE00A08425 /* Base */ = {isa = PBXFileReference; lastKnownFileType = file.xib; name = Base; path = Base.lproj/MainMenu.xib; sourceTree = "<group>"; };
		E5C03A4A1AFC6FFE00A08425 /* GridmarksTests.xctest */ = {isa = PBXFileReference; explicitFileType = wrapper.cfbundle; includeInIndex = 0; path = GridmarksTests.xctest; sourceTree = BUILT_PRODUCTS_DIR; };
		E5C03A4F1AFC6FFE00A08425 /* Info.plist */ = {isa = PBXFileReference; lastKnownFileType = text.plist.xml; path = Info.plist; sourceTree = "<group>"; };
		E5C03A501AFC6FFE00A08425 /* GridmarksTests.swift */ = {isa = PBXFileReference; lastKnownFileType = sourcecode.swift; path = GridmarksTests.swift; sourceTree = "<group>"; };
/* End PBXFileReference section */

/* Begin PBXFrameworksBuildPhase section */
		E5C03A321AFC6FFE00A08425 /* Frameworks */ = {
			isa = PBXFrameworksBuildPhase;
			buildActionMask = 2147483647;
			files = (
			);
			runOnlyForDeploymentPostprocessing = 0;
		};
		E5C03A471AFC6FFE00A08425 /* Frameworks */ = {
			isa = PBXFrameworksBuildPhase;
			buildActionMask = 2147483647;
			files = (
			);
			runOnlyForDeploymentPostprocessing = 0;
		};
/* End PBXFrameworksBuildPhase section */

/* Begin PBXGroup section */
		E5C03A2C1AFC6FFE00A08425 = {
			isa = PBXGroup;
			children = (
				E5C03A371AFC6FFE00A08425 /* Gridmarks */,
				E5C03A4D1AFC6FFE00A08425 /* GridmarksTests */,
				E5C03A361AFC6FFE00A08425 /* Products */,
			);
			sourceTree = "<group>";
		};
		E5C03A361AFC6FFE00A08425 /* Products */ = {
			isa = PBXGroup;
			children = (
				E5C03A351AFC6FFE00A08425 /* Gridmarks.app */,
				E5C03A4A1AFC6FFE00A08425 /* GridmarksTests.xctest */,
			);
			name = Products;
			sourceTree = "<group>";
		};
		E5C03A371AFC6FFE00A08425 /* Gridmarks */ = {
			isa = PBXGroup;
			children = (
				E5C03A3A1AFC6FFE00A08425 /* AppDelegate.swift */,
				E5C03A3C1AFC6FFE00A08425 /* Document.swift */,
				E5C03A3E1AFC6FFE00A08425 /* Document.xib */,
				E5C03A411AFC6FFE00A08425 /* Images.xcassets */,
				E5C03A431AFC6FFE00A08425 /* MainMenu.xib */,
				E5C03A381AFC6FFE00A08425 /* Supporting Files */,
			);
			path = Gridmarks;
			sourceTree = "<group>";
		};
		E5C03A381AFC6FFE00A08425 /* Supporting Files */ = {
			isa = PBXGroup;
			children = (
				E5C03A391AFC6FFE00A08425 /* Info.plist */,
			);
			name = "Supporting Files";
			sourceTree = "<group>";
		};
		E5C03A4D1AFC6FFE00A08425 /* GridmarksTests */ = {
			isa = PBXGroup;
			children = (
				E5C03A501AFC6FFE00A08425 /* GridmarksTests.swift */,
				E5C03A4E1AFC6FFE00A08425 /* Supporting Files */,
			);
			path = GridmarksTests;
			sourceTree = "<group>";
		};
		E5C03A4E1AFC6FFE00A08425 /* Supporting Files */ = {
			isa = PBXGroup;
			children = (
				E5C03A4F1AFC6FFE00A08425 /* Info.plist */,
			);
			name = "Supporting Files";
			sourceTree = "<group>";
		};
/* End PBXGroup section */

/* Begin PBXNativeTarget section */
		E5C03A341AFC6FFE00A08425 /* Gridmarks */ = {
			isa = PBXNativeTarget;
			buildConfigurationList = E5C03A541AFC6FFE00A08425 /* Build configuration list for PBXNativeTarget "Gridmarks" */;
			buildPhases = (
				E5C03A311AFC6FFE00A08425 /* Sources */,
				E5C03A321AFC6FFE00A08425 /* Frameworks */,
				E5C03A331AFC6FFE00A08425 /* Resources */,
			);
			buildRules = (
			);
			dependencies = (
			);
			name = Gridmarks;
			productName = Gridmarks;
			productReference = E5C03A351AFC6FFE00A08425 /* Gridmarks.app */;
			productType = "com.apple.product-type.application";
		};
		E5C03A491AFC6FFE00A08425 /* GridmarksTests */ = {
			isa = PBXNativeTarget;
			buildConfigurationList = E5C03A571AFC6FFE00A08425 /* Build configuration list for PBXNativeTarget "GridmarksTests" */;
			buildPhases = (
				E5C03A461AFC6FFE00A08425 /* Sources */,
				E5C03A471AFC6FFE00A08425 /* Frameworks */,
				E5C03A481AFC6FFE00A08425 /* Resources */,
			);
			buildRules = (
			);
			dependencies = (
				E5C03A4C1AFC6FFE00A08425 /* PBXTargetDependency */,
			);
			name = GridmarksTests;
			productName = GridmarksTests;
			productReference = E5C03A4A1AFC6FFE00A08425 /* GridmarksTests.xctest */;
			productType = "com.apple.product-type.bundle.unit-test";
		};
/* End PBXNativeTarget section */

/* Begin PBXProject section */
		E5C03A2D1AFC6FFE00A08425 /* Project object */ = {
			isa = PBXProject;
			attributes = {
				LastUpgradeCheck = 0630;
				ORGANIZATIONNAME = "Lee David Walsh";
				TargetAttributes = {
					E5C03A341AFC6FFE00A08425 = {
						CreatedOnToolsVersion = 6.3.1;
					};
					E5C03A491AFC6FFE00A08425 = {
						CreatedOnToolsVersion = 6.3.1;
						TestTargetID = E5C03A341AFC6FFE00A08425;
					};
				};
			};
			buildConfigurationList = E5C03A301AFC6FFE00A08425 /* Build configuration list for PBXProject "Gridmarks" */;
			compatibilityVersion = "Xcode 3.2";
			developmentRegion = English;
			hasScannedForEncodings = 0;
			knownRegions = (
				en,
				Base,
			);
			mainGroup = E5C03A2C1AFC6FFE00A08425;
			productRefGroup = E5C03A361AFC6FFE00A08425 /* Products */;
			projectDirPath = "";
			projectRoot = "";
			targets = (
				E5C03A341AFC6FFE00A08425 /* Gridmarks */,
				E5C03A491AFC6FFE00A08425 /* GridmarksTests */,
			);
		};
/* End PBXProject section */

/* Begin PBXResourcesBuildPhase section */
		E5C03A331AFC6FFE00A08425 /* Resources */ = {
			isa = PBXResourcesBuildPhase;
			buildActionMask = 2147483647;
			files = (
				E5C03A401AFC6FFE00A08425 /* Document.xib in Resources */,
				E5C03A421AFC6FFE00A08425 /* Images.xcassets in Resources */,
				E5C03A451AFC6FFE00A08425 /* MainMenu.xib in Resources */,
			);
			runOnlyForDeploymentPostprocessing = 0;
		};
		E5C03A481AFC6FFE00A08425 /* Resources */ = {
			isa = PBXResourcesBuildPhase;
			buildActionMask = 2147483647;
			files = (
			);
			runOnlyForDeploymentPostprocessing = 0;
		};
/* End PBXResourcesBuildPhase section */

/* Begin PBXSourcesBuildPhase section */
		E5C03A311AFC6FFE00A08425 /* Sources */ = {
			isa = PBXSourcesBuildPhase;
			buildActionMask = 2147483647;
			files = (
				E5C03A3D1AFC6FFE00A08425 /* Document.swift in Sources */,
				E5C03A3B1AFC6FFE00A08425 /* AppDelegate.swift in Sources */,
			);
			runOnlyForDeploymentPostprocessing = 0;
		};
		E5C03A461AFC6FFE00A08425 /* Sources */ = {
			isa = PBXSourcesBuildPhase;
			buildActionMask = 2147483647;
			files = (
				E5C03A511AFC6FFE00A08425 /* GridmarksTests.swift in Sources */,
			);
			runOnlyForDeploymentPostprocessing = 0;
		};
/* End PBXSourcesBuildPhase section */

/* Begin PBXTargetDependency section */
		E5C03A4C1AFC6FFE00A08425 /* PBXTargetDependency */ = {
			isa = PBXTargetDependency;
			target = E5C03A341AFC6FFE00A08425 /* Gridmarks */;
			targetProxy = E5C03A4B1AFC6FFE00A08425 /* PBXContainerItemProxy */;
		};
/* End PBXTargetDependency section */

/* Begin PBXVariantGroup section */
		E5C03A3E1AFC6FFE00A08425 /* Document.xib */ = {
			isa = PBXVariantGroup;
			children = (
				E5C03A3F1AFC6FFE00A08425 /* Base */,
			);
			name = Document.xib;
			sourceTree = "<group>";
		};
		E5C03A431AFC6FFE00A08425 /* MainMenu.xib */ = {
			isa = PBXVariantGroup;
			children = (
				E5C03A441AFC6FFE00A08425 /* Base */,
			);
			name = MainMenu.xib;
			sourceTree = "<group>";
		};
/* End PBXVariantGroup section */

/* Begin XCBuildConfiguration section */
		E5C03A521AFC6FFE00A08425 /* Debug */ = {
			isa = XCBuildConfiguration;
			buildSettings = {
				ALWAYS_SEARCH_USER_PATHS = NO;
				CLANG_CXX_LANGUAGE_STANDARD = "gnu++0x";
				CLANG_CXX_LIBRARY = "libc++";
				CLANG_ENABLE_MODULES = YES;
				CLANG_ENABLE_OBJC_ARC = YES;
				CLANG_WARN_BOOL_CONVERSION = YES;
				CLANG_WARN_CONSTANT_CONVERSION = YES;
				CLANG_WARN_DIRECT_OBJC_ISA_USAGE = YES_ERROR;
				CLANG_WARN_EMPTY_BODY = YES;
				CLANG_WARN_ENUM_CONVERSION = YES;
				CLANG_WARN_INT_CONVERSION = YES;
				CLANG_WARN_OBJC_ROOT_CLASS = YES_ERROR;
				CLANG_WARN_UNREACHABLE_CODE = YES;
				CLANG_WARN__DUPLICATE_METHOD_MATCH = YES;
				CODE_SIGN_IDENTITY = "-";
				COPY_PHASE_STRIP = NO;
				DEBUG_INFORMATION_FORMAT = dwarf;
				ENABLE_STRICT_OBJC_MSGSEND = YES;
				GCC_C_LANGUAGE_STANDARD = gnu99;
				GCC_DYNAMIC_NO_PIC = NO;
				GCC_NO_COMMON_BLOCKS = YES;
				GCC_OPTIMIZATION_LEVEL = 0;
				GCC_PREPROCESSOR_DEFINITIONS = (
					"DEBUG=1",
					"$(inherited)",
				);
				GCC_SYMBOLS_PRIVATE_EXTERN = NO;
				GCC_WARN_64_TO_32_BIT_CONVERSION = YES;
				GCC_WARN_ABOUT_RETURN_TYPE = YES_ERROR;
				GCC_WARN_UNDECLARED_SELECTOR = YES;
				GCC_WARN_UNINITIALIZED_AUTOS = YES_AGGRESSIVE;
				GCC_WARN_UNUSED_FUNCTION = YES;
				GCC_WARN_UNUSED_VARIABLE = YES;
				MACOSX_DEPLOYMENT_TARGET = 10.10;
				MTL_ENABLE_DEBUG_INFO = YES;
				ONLY_ACTIVE_ARCH = YES;
				SDKROOT = macosx;
				SWIFT_OPTIMIZATION_LEVEL = "-Onone";
			};
			name = Debug;
		};
		E5C03A531AFC6FFE00A08425 /* Release */ = {
			isa = XCBuildConfiguration;
			buildSettings = {
				ALWAYS_SEARCH_USER_PATHS = NO;
				CLANG_CXX_LANGUAGE_STANDARD = "gnu++0x";
				CLANG_CXX_LIBRARY = "libc++";
				CLANG_ENABLE_MODULES = YES;
				CLANG_ENABLE_OBJC_ARC = YES;
				CLANG_WARN_BOOL_CONVERSION = YES;
				CLANG_WARN_CONSTANT_CONVERSION = YES;
				CLANG_WARN_DIRECT_OBJC_ISA_USAGE = YES_ERROR;
				CLANG_WARN_EMPTY_BODY = YES;
				CLANG_WARN_ENUM_CONVERSION = YES;
				CLANG_WARN_INT_CONVERSION = YES;
				CLANG_WARN_OBJC_ROOT_CLASS = YES_ERROR;
				CLANG_WARN_UNREACHABLE_CODE = YES;
				CLANG_WARN__DUPLICATE_METHOD_MATCH = YES;
				CODE_SIGN_IDENTITY = "-";
				COPY_PHASE_STRIP = NO;
				DEBUG_INFORMATION_FORMAT = "dwarf-with-dsym";
				ENABLE_NS_ASSERTIONS = NO;
				ENABLE_STRICT_OBJC_MSGSEND = YES;
				GCC_C_LANGUAGE_STANDARD = gnu99;
				GCC_NO_COMMON_BLOCKS = YES;
				GCC_WARN_64_TO_32_BIT_CONVERSION = YES;
				GCC_WARN_ABOUT_RETURN_TYPE = YES_ERROR;
				GCC_WARN_UNDECLARED_SELECTOR = YES;
				GCC_WARN_UNINITIALIZED_AUTOS = YES_AGGRESSIVE;
				GCC_WARN_UNUSED_FUNCTION = YES;
				GCC_WARN_UNUSED_VARIABLE = YES;
				MACOSX_DEPLOYMENT_TARGET = 10.10;
				MTL_ENABLE_DEBUG_INFO = NO;
				SDKROOT = macosx;
			};
			name = Release;
		};
		E5C03A551AFC6FFE00A08425 /* Debug */ = {
			isa = XCBuildConfiguration;
			buildSettings = {
				ASSETCATALOG_COMPILER_APPICON_NAME = AppIcon;
				COMBINE_HIDPI_IMAGES = YES;
				INFOPLIST_FILE = Gridmarks/Info.plist;
				LD_RUNPATH_SEARCH_PATHS = "$(inherited) @executable_path/../Frameworks";
				PRODUCT_NAME = "$(TARGET_NAME)";
			};
			name = Debug;
		};
		E5C03A561AFC6FFE00A08425 /* Release */ = {
			isa = XCBuildConfiguration;
			buildSettings = {
				ASSETCATALOG_COMPILER_APPICON_NAME = AppIcon;
				COMBINE_HIDPI_IMAGES = YES;
				INFOPLIST_FILE = Gridmarks/Info.plist;
				LD_RUNPATH_SEARCH_PATHS = "$(inherited) @executable_path/../Frameworks";
				PRODUCT_NAME = "$(TARGET_NAME)";
			};
			name = Release;
		};
		E5C03A581AFC6FFE00A08425 /* Debug */ = {
			isa = XCBuildConfiguration;
			buildSettings = {
				BUNDLE_LOADER = "$(TEST_HOST)";
				COMBINE_HIDPI_IMAGES = YES;
				FRAMEWORK_SEARCH_PATHS = (
					"$(DEVELOPER_FRAMEWORKS_DIR)",
					"$(inherited)",
				);
				GCC_PREPROCESSOR_DEFINITIONS = (
					"DEBUG=1",
					"$(inherited)",
				);
				INFOPLIST_FILE = GridmarksTests/Info.plist;
				LD_RUNPATH_SEARCH_PATHS = "$(inherited) @executable_path/../Frameworks @loader_path/../Frameworks";
				PRODUCT_NAME = "$(TARGET_NAME)";
				TEST_HOST = "$(BUILT_PRODUCTS_DIR)/Gridmarks.app/Contents/MacOS/Gridmarks";
			};
			name = Debug;
		};
		E5C03A591AFC6FFE00A08425 /* Release */ = {
			isa = XCBuildConfiguration;
			buildSettings = {
				BUNDLE_LOADER = "$(TEST_HOST)";
				COMBINE_HIDPI_IMAGES = YES;
				FRAMEWORK_SEARCH_PATHS = (
					"$(DEVELOPER_FRAMEWORKS_DIR)",
					"$(inherited)",
				);
				INFOPLIST_FILE = GridmarksTests/Info.plist;
				LD_RUNPATH_SEARCH_PATHS = "$(inherited) @executable_path/../Frameworks @loader_path/../Frameworks";
				PRODUCT_NAME = "$(TARGET_NAME)";
				TEST_HOST = "$(BUILT_PRODUCTS_DIR)/Gridmarks.app/Contents/MacOS/Gridmarks";
			};
			name = Release;
		};
/* End XCBuildConfiguration section */

/* Begin XCConfigurationList section */
		E5C03A301AFC6FFE00A08425 /* Build configuration list for PBXProject "Gridmarks" */ = {
			isa = XCConfigurationList;
			buildConfigurations = (
				E5C03A521AFC6FFE00A08425 /* Debug */,
				E5C03A531AFC6FFE00A08425 /* Release */,
			);
			defaultConfigurationIsVisible = 0;
			defaultConfigurationName = Release;
		};
		E5C03A541AFC6FFE00A08425 /* Build configuration list for PBXNativeTarget "Gridmarks" */ = {
			isa = XCConfigurationList;
			buildConfigurations = (
				E5C03A551AFC6FFE00A08425 /* Debug */,
				E5C03A561AFC6FFE00A08425 /* Release */,
			);
			defaultConfigurationIsVisible = 0;
		};
		E5C03A571AFC6FFE00A08425 /* Build configuration list for PBXNativeTarget "GridmarksTests" */ = {
			isa = XCConfigurationList;
			buildConfigurations = (
				E5C03A581AFC6FFE00A08425 /* Debug */,
				E5C03A591AFC6FFE00A08425 /* Release */,
			);
			defaultConfigurationIsVisible = 0;
		};
/* End XCConfigurationList section */
	};
	rootObject = E5C03A2D1AFC6FFE00A08425 /* Project object */;
}
